
Microsoft Visual Studio Solution File, Format Version 12.00
# Visual Studio Version 16
VisualStudioVersion = 16.0.30330.147
MinimumVisualStudioVersion = 10.0.40219.1
Project("{FAE04EC0-301F-11D3-BF4B-00C04F79EFBC}") = "LeaveApp", "LeaveApp\LeaveApp.csproj", "{D7D92F1C-0289-46DB-9305-91953DE20F63}"
EndProject
Global
	GlobalSection(SolutionConfigurationPlatforms) = preSolution
		Debug|Any CPU = Debug|Any CPU
		Release|Any CPU = Release|Any CPU
	EndGlobalSection
	GlobalSection(ProjectConfigurationPlatforms) = postSolution
		{D7D92F1C-0289-46DB-9305-91953DE20F63}.Debug|Any CPU.ActiveCfg = Debug|Any CPU
		{D7D92F1C-0289-46DB-9305-91953DE20F63}.Debug|Any CPU.Build.0 = Debug|Any CPU
		{D7D92F1C-0289-46DB-9305-91953DE20F63}.Release|Any CPU.ActiveCfg = Release|Any CPU
		{D7D92F1C-0289-46DB-9305-91953DE20F63}.Release|Any CPU.Build.0 = Release|Any CPU
	EndGlobalSection
	GlobalSection(SolutionProperties) = preSolution
		HideSolutionNode = FALSE
	EndGlobalSection
	GlobalSection(ExtensibilityGlobals) = postSolution
		SolutionGuid = {35CDFE4F-867F-4CE2-B821-FE329D9A3A31}
	EndGlobalSection
EndGlobal
